
Microsoft Visual Studio Solution File, Format Version 12.00
# Visual Studio Version 17
VisualStudioVersion = 17.7.34009.444
MinimumVisualStudioVersion = 10.0.40219.1
Project("{FAE04EC0-301F-11D3-BF4B-00C04F79EFBC}") = "WindowsFormsApp1d", "WindowsFormsApp1d.csproj", "{D74E5B42-25C5-4F97-8266-37FFA91545AB}"
EndProject
Global
	GlobalSection(SolutionConfigurationPlatforms) = preSolution
		Debug|Any CPU = Debug|Any CPU
		Release|Any CPU = Release|Any CPU
	EndGlobalSection
	GlobalSection(ProjectConfigurationPlatforms) = postSolution
		{D74E5B42-25C5-4F97-8266-37FFA91545AB}.Debug|Any CPU.ActiveCfg = Debug|Any CPU
		{D74E5B42-25C5-4F97-8266-37FFA91545AB}.Debug|Any CPU.Build.0 = Debug|Any CPU
		{D74E5B42-25C5-4F97-8266-37FFA91545AB}.Release|Any CPU.ActiveCfg = Release|Any CPU
		{D74E5B42-25C5-4F97-8266-37FFA91545AB}.Release|Any CPU.Build.0 = Release|Any CPU
	EndGlobalSection
	GlobalSection(SolutionProperties) = preSolution
		HideSolutionNode = FALSE
	EndGlobalSection
	GlobalSection(ExtensibilityGlobals) = postSolution
		SolutionGuid = {AEAB6B1B-53CC-4022-BE87-CA580F0D7336}
	EndGlobalSection
EndGlobal
